{
  "requires": true,
  "lockfileVersion": 1,
  "dependencies": {
    "sunset.css": {
      "version": "1.0.1",
      "resolved": "https://registry.npmjs.org/sunset.css/-/sunset.css-1.0.1.tgz",
      "integrity": "sha512-GsIx52LceP4UN6LDa/YbUaIA1ZNnmDKSiqjC+sUzHUx0p2aNQQOOjLetpKRE4LpLANDwKzrGJIzDt5ysUqZ4bQ=="
    }
  }
}
